
Microsoft Visual Studio Solution File, Format Version 12.00
# Visual Studio Version 17
VisualStudioVersion = 17.0.31903.59
MinimumVisualStudioVersion = 10.0.40219.1
Project("{FAE04EC0-301F-11D3-BF4B-00C04F79EFBC}") = "test_0.1", "test_0.1\test_0.1.csproj", "{742696A1-2FDA-4254-9173-4842BB363C1B}"
EndProject
Global
	GlobalSection(SolutionConfigurationPlatforms) = preSolution
		Debug|Any CPU = Debug|Any CPU
		Release|Any CPU = Release|Any CPU
	EndGlobalSection
	GlobalSection(ProjectConfigurationPlatforms) = postSolution
		{742696A1-2FDA-4254-9173-4842BB363C1B}.Debug|Any CPU.ActiveCfg = Debug|Any CPU
		{742696A1-2FDA-4254-9173-4842BB363C1B}.Debug|Any CPU.Build.0 = Debug|Any CPU
		{742696A1-2FDA-4254-9173-4842BB363C1B}.Release|Any CPU.ActiveCfg = Release|Any CPU
		{742696A1-2FDA-4254-9173-4842BB363C1B}.Release|Any CPU.Build.0 = Release|Any CPU
	EndGlobalSection
	GlobalSection(SolutionProperties) = preSolution
		HideSolutionNode = FALSE
	EndGlobalSection
	GlobalSection(ExtensibilityGlobals) = postSolution
		SolutionGuid = {EF79E419-0F8E-40AB-8CFC-1A5773ED32FD}
	EndGlobalSection
EndGlobal
